
Microsoft Visual Studio Solution File, Format Version 12.00
# Visual Studio 15
VisualStudioVersion = 15.0.26228.4
MinimumVisualStudioVersion = 10.0.40219.1
Project("{2150E333-8FDC-42A3-9474-1A3956D46DE8}") = "src", "src", "{97F30891-FCFB-4824-9B60-75BFFD62B2AB}"
EndProject
Project("{2150E333-8FDC-42A3-9474-1A3956D46DE8}") = "Solution Items", "Solution Items", "{149879A6-679B-4CAE-8AC2-A109671F6FF7}"
EndProject
Project("{9A19103F-16F7-4668-BE54-9A1E7A4F7556}") = "Cake.DotNetCore.Tools.AWS.Lambda", "src\Cake.DotNetCore.Tools.AWS.Lambda\Cake.DotNetCore.Tools.AWS.Lambda.csproj", "{1BA94973-E4BC-4269-BB22-CA74E2443EB3}"
EndProject
Global
	GlobalSection(SolutionConfigurationPlatforms) = preSolution
		Debug|Any CPU = Debug|Any CPU
		Release|Any CPU = Release|Any CPU
	EndGlobalSection
	GlobalSection(ProjectConfigurationPlatforms) = postSolution
		{1BA94973-E4BC-4269-BB22-CA74E2443EB3}.Debug|Any CPU.ActiveCfg = Debug|Any CPU
		{1BA94973-E4BC-4269-BB22-CA74E2443EB3}.Debug|Any CPU.Build.0 = Debug|Any CPU
		{1BA94973-E4BC-4269-BB22-CA74E2443EB3}.Release|Any CPU.ActiveCfg = Release|Any CPU
		{1BA94973-E4BC-4269-BB22-CA74E2443EB3}.Release|Any CPU.Build.0 = Release|Any CPU
	EndGlobalSection
	GlobalSection(SolutionProperties) = preSolution
		HideSolutionNode = FALSE
	EndGlobalSection
	GlobalSection(NestedProjects) = preSolution
		{1BA94973-E4BC-4269-BB22-CA74E2443EB3} = {97F30891-FCFB-4824-9B60-75BFFD62B2AB}
	EndGlobalSection
EndGlobal
